
Microsoft Visual Studio Solution File, Format Version 9.00
# Visual Studio 2005
Project("{FAE04EC0-301F-11D3-BF4B-00C04F79EFBC}") = "UI", "UI\UI.csproj", "{730AE774-9DE8-4C1C-B6B8-3FCC067202FE}"
	ProjectSection(WebsiteProperties) = preProject
		Debug.AspNetCompiler.Debug = "True"
		Release.AspNetCompiler.Debug = "False"
	EndProjectSection
EndProject
Project("{FAE04EC0-301F-11D3-BF4B-00C04F79EFBC}") = "MidLayer", "MidLayer\MidLayer.csproj", "{7DF52D2B-D069-418D-A631-A042C99E0EE6}"
	ProjectSection(WebsiteProperties) = preProject
		Debug.AspNetCompiler.Debug = "True"
		Release.AspNetCompiler.Debug = "False"
	EndProjectSection
EndProject
Project("{FAE04EC0-301F-11D3-BF4B-00C04F79EFBC}") = "Common", "Common\Common.csproj", "{C7ED36C1-6732-4DB4-AF50-C464B7D71EFC}"
	ProjectSection(WebsiteProperties) = preProject
		Debug.AspNetCompiler.Debug = "True"
		Release.AspNetCompiler.Debug = "False"
	EndProjectSection
EndProject
Project("{FAE04EC0-301F-11D3-BF4B-00C04F79EFBC}") = "DAL", "DAL\DAL.csproj", "{BCBAC6F0-F038-465E-B8CC-B332E7C2F9DA}"
	ProjectSection(WebsiteProperties) = preProject
		Debug.AspNetCompiler.Debug = "True"
		Release.AspNetCompiler.Debug = "False"
	EndProjectSection
EndProject
Project("{FAE04EC0-301F-11D3-BF4B-00C04F79EFBC}") = "Framework", "Framework\Framework.csproj", "{4F651747-935C-4783-A692-D0E04268FF93}"
	ProjectSection(WebsiteProperties) = preProject
		Debug.AspNetCompiler.Debug = "True"
		Release.AspNetCompiler.Debug = "False"
	EndProjectSection
EndProject
Project("{FAE04EC0-301F-11D3-BF4B-00C04F79EFBC}") = "CommonUI", "CommonUI\CommonUI.csproj", "{C8583BAF-EF1F-45E0-BE1F-130EA9C47C11}"
	ProjectSection(WebsiteProperties) = preProject
		Debug.AspNetCompiler.Debug = "True"
		Release.AspNetCompiler.Debug = "False"
	EndProjectSection
EndProject
Project("{2150E333-8FDC-42A3-9474-1A3956D46DE8}") = "Solution Items", "Solution Items", "{BFA69BA7-36A0-43E8-9164-03A5D9C7D6CC}"
	ProjectSection(WebsiteProperties) = preProject
		Debug.AspNetCompiler.Debug = "True"
		Release.AspNetCompiler.Debug = "False"
	EndProjectSection
EndProject
Project("{FAE04EC0-301F-11D3-BF4B-00C04F79EFBC}") = "SearchEngine", "SearchEngine\SearchEngine.csproj", "{EAAED226-0D72-446F-803D-FF940624A988}"
	ProjectSection(WebsiteProperties) = preProject
		Debug.AspNetCompiler.Debug = "True"
		Release.AspNetCompiler.Debug = "False"
	EndProjectSection
EndProject
Project("{FAE04EC0-301F-11D3-BF4B-00C04F79EFBC}") = "install", "install\install.csproj", "{51E8D246-A72E-42E4-A5A0-60F175922C6B}"
	ProjectSection(WebsiteProperties) = preProject
		Debug.AspNetCompiler.Debug = "True"
		Release.AspNetCompiler.Debug = "False"
	EndProjectSection
EndProject
Project("{54435603-DBB4-11D2-8724-00A0C9A8B90C}") = "Setup", "Setup\Setup.vdproj", "{DC4FBA6C-C393-4651-9095-2D00DC166F38}"
	ProjectSection(WebsiteProperties) = preProject
		Debug.AspNetCompiler.Debug = "True"
		Release.AspNetCompiler.Debug = "False"
	EndProjectSection
EndProject
Global
	GlobalSection(SourceCodeControl) = preSolution
		SccNumberOfProjects = 10
		SccProjectName0 = \u0022$/20080702.ssa/20080618.ssa/DMS/UI.root/UI\u0022,\u0020IKACAAAA
		SccLocalPath0 = ..
		SccProvider0 = MSSCCI:Microsoft\u0020Visual\u0020SourceSafe
		SccProjectFilePathRelativizedFromConnection0 = DMS\\
		SccProjectUniqueName1 = Common\\Common.csproj
		SccLocalPath1 = ..
		SccProjectFilePathRelativizedFromConnection1 = DMS\\Common\\
		SccProjectUniqueName2 = CommonUI\\CommonUI.csproj
		SccLocalPath2 = ..
		SccProjectFilePathRelativizedFromConnection2 = DMS\\CommonUI\\
		SccProjectUniqueName3 = DAL\\DAL.csproj
		SccLocalPath3 = ..
		SccProjectFilePathRelativizedFromConnection3 = DMS\\DAL\\
		SccProjectUniqueName4 = Framework\\Framework.csproj
		SccLocalPath4 = ..
		SccProjectFilePathRelativizedFromConnection4 = DMS\\Framework\\
		SccProjectUniqueName5 = install\\install.csproj
		SccLocalPath5 = ..
		SccProjectFilePathRelativizedFromConnection5 = DMS\\install\\
		SccProjectUniqueName6 = MidLayer\\MidLayer.csproj
		SccLocalPath6 = ..
		SccProjectFilePathRelativizedFromConnection6 = DMS\\MidLayer\\
		SccProjectUniqueName7 = SearchEngine\\SearchEngine.csproj
		SccLocalPath7 = ..
		SccProjectFilePathRelativizedFromConnection7 = DMS\\SearchEngine\\
		SccProjectUniqueName8 = Setup\\Setup.vdproj
		SccLocalPath8 = ..
		SccProjectFilePathRelativizedFromConnection8 = DMS\\Setup\\
		SccProjectUniqueName9 = UI\\UI.csproj
		SccLocalPath9 = ..
		SccProjectFilePathRelativizedFromConnection9 = DMS\\UI\\
	EndGlobalSection
	GlobalSection(SolutionConfigurationPlatforms) = preSolution
		Debug|Any CPU = Debug|Any CPU
		Release|Any CPU = Release|Any CPU
	EndGlobalSection
	GlobalSection(ProjectConfigurationPlatforms) = postSolution
		{730AE774-9DE8-4C1C-B6B8-3FCC067202FE}.Debug|Any CPU.ActiveCfg = Debug|Any CPU
		{730AE774-9DE8-4C1C-B6B8-3FCC067202FE}.Debug|Any CPU.Build.0 = Debug|Any CPU
		{730AE774-9DE8-4C1C-B6B8-3FCC067202FE}.Release|Any CPU.ActiveCfg = Release|Any CPU
		{730AE774-9DE8-4C1C-B6B8-3FCC067202FE}.Release|Any CPU.Build.0 = Release|Any CPU
		{7DF52D2B-D069-418D-A631-A042C99E0EE6}.Debug|Any CPU.ActiveCfg = Debug|Any CPU
		{7DF52D2B-D069-418D-A631-A042C99E0EE6}.Debug|Any CPU.Build.0 = Debug|Any CPU
		{7DF52D2B-D069-418D-A631-A042C99E0EE6}.Release|Any CPU.ActiveCfg = Release|Any CPU
		{7DF52D2B-D069-418D-A631-A042C99E0EE6}.Release|Any CPU.Build.0 = Release|Any CPU
		{C7ED36C1-6732-4DB4-AF50-C464B7D71EFC}.Debug|Any CPU.ActiveCfg = Debug|Any CPU
		{C7ED36C1-6732-4DB4-AF50-C464B7D71EFC}.Debug|Any CPU.Build.0 = Debug|Any CPU
		{C7ED36C1-6732-4DB4-AF50-C464B7D71EFC}.Release|Any CPU.ActiveCfg = Release|Any CPU
		{C7ED36C1-6732-4DB4-AF50-C464B7D71EFC}.Release|Any CPU.Build.0 = Release|Any CPU
		{BCBAC6F0-F038-465E-B8CC-B332E7C2F9DA}.Debug|Any CPU.ActiveCfg = Debug|Any CPU
		{BCBAC6F0-F038-465E-B8CC-B332E7C2F9DA}.Debug|Any CPU.Build.0 = Debug|Any CPU
		{BCBAC6F0-F038-465E-B8CC-B332E7C2F9DA}.Release|Any CPU.ActiveCfg = Release|Any CPU
		{BCBAC6F0-F038-465E-B8CC-B332E7C2F9DA}.Release|Any CPU.Build.0 = Release|Any CPU
		{4F651747-935C-4783-A692-D0E04268FF93}.Debug|Any CPU.ActiveCfg = Debug|Any CPU
		{4F651747-935C-4783-A692-D0E04268FF93}.Debug|Any CPU.Build.0 = Debug|Any CPU
		{4F651747-935C-4783-A692-D0E04268FF93}.Release|Any CPU.ActiveCfg = Release|Any CPU
		{4F651747-935C-4783-A692-D0E04268FF93}.Release|Any CPU.Build.0 = Release|Any CPU
		{C8583BAF-EF1F-45E0-BE1F-130EA9C47C11}.Debug|Any CPU.ActiveCfg = Debug|Any CPU
		{C8583BAF-EF1F-45E0-BE1F-130EA9C47C11}.Debug|Any CPU.Build.0 = Debug|Any CPU
		{C8583BAF-EF1F-45E0-BE1F-130EA9C47C11}.Release|Any CPU.ActiveCfg = Release|Any CPU
		{C8583BAF-EF1F-45E0-BE1F-130EA9C47C11}.Release|Any CPU.Build.0 = Release|Any CPU
		{EAAED226-0D72-446F-803D-FF940624A988}.Debug|Any CPU.ActiveCfg = Debug|Any CPU
		{EAAED226-0D72-446F-803D-FF940624A988}.Debug|Any CPU.Build.0 = Debug|Any CPU
		{EAAED226-0D72-446F-803D-FF940624A988}.Release|Any CPU.ActiveCfg = Release|Any CPU
		{EAAED226-0D72-446F-803D-FF940624A988}.Release|Any CPU.Build.0 = Release|Any CPU
		{51E8D246-A72E-42E4-A5A0-60F175922C6B}.Debug|Any CPU.ActiveCfg = Debug|Any CPU
		{51E8D246-A72E-42E4-A5A0-60F175922C6B}.Debug|Any CPU.Build.0 = Debug|Any CPU
		{51E8D246-A72E-42E4-A5A0-60F175922C6B}.Release|Any CPU.ActiveCfg = Release|Any CPU
		{51E8D246-A72E-42E4-A5A0-60F175922C6B}.Release|Any CPU.Build.0 = Release|Any CPU
		{DC4FBA6C-C393-4651-9095-2D00DC166F38}.Debug|Any CPU.ActiveCfg = Debug
		{DC4FBA6C-C393-4651-9095-2D00DC166F38}.Release|Any CPU.ActiveCfg = Release
	EndGlobalSection
	GlobalSection(SolutionProperties) = preSolution
		HideSolutionNode = FALSE
	EndGlobalSection
EndGlobal
